# This file is automatically @generated by Cargo.
# It is not intended for manual editing.
version = 4

[[package]]
name = "avl-tree"
version = "0.1.0"

[[package]]
name = "basic-calculator"
version = "0.1.0"

[[package]]
name = "binary-heap"
version = "0.1.0"

[[package]]
name = "binary-search-tree"
version = "0.1.0"

[[package]]
name = "browser-history"
version = "0.1.0"

[[package]]
name = "design-twitter"
version = "0.1.0"

[[package]]
name = "dynamic-array"
version = "0.1.0"

[[package]]
name = "graph"
version = "0.1.0"

[[package]]
name = "hash-map"
version = "0.1.0"

[[package]]
name = "lfu-cache"
version = "0.1.0"

[[package]]
name = "linked-list"
version = "0.1.0"

[[package]]
name = "lru-cache"
version = "0.1.0"

[[package]]
name = "parking-lot"
version = "0.1.0"

[[package]]
name = "segment-tree"
version = "0.1.0"

[[package]]
name = "single-threaded-cpu"
version = "0.1.0"

[[package]]
name = "task-scheduler"
version = "0.1.0"

[[package]]
name = "trie"
version = "0.1.0"

[[package]]
name = "union-find"
version = "0.1.0"
